# This file is automatically @generated by Cargo.
# It is not intended for manual editing.
[[package]]
name = "intel8080disassembler"
version = "0.1.0"
source = "git+https://github.com/yukihiratype2/intel8080disassembler#b5aaa5db46ff1c5fd81147deb3d30b1210ed7168"

[[package]]
name = "intel8080emu"
version = "0.1.0"
dependencies = [
 "intel8080disassembler",
 "shift_register",
]

[[package]]
name = "shift_register"
version = "0.1.0"
