# This file is automatically @generated by Cargo.
# It is not intended for manual editing.
[[package]]
name = "intel8080disassembler"
version = "0.1.0"
source = "git+https://github.com/yukihiratype2/intel8080disassembler#c1ba4ffe4bffd9ef3e06a27cda0e8049552cdbee"

[[package]]
name = "intel8080emu"
version = "0.1.0"
dependencies = [
 "intel8080disassembler",
]
